
Microsoft Visual Studio Solution File, Format Version 12.00
# Visual Studio Version 17
VisualStudioVersion = 17.9.34701.34
MinimumVisualStudioVersion = 10.0.40219.1
Project("{9A19103F-16F7-4668-BE54-9A1E7A4F7556}") = "WebApplication1", "WebApplication1\WebApplication1.csproj", "{7DD9B804-52CE-4104-814B-66A3A86740F7}"
EndProject
Project("{2150E333-8FDC-42A3-9474-1A3956D46DE8}") = "src", "src", "{8D8A0012-9F50-454A-A5B3-632081358541}"
EndProject
Project("{2150E333-8FDC-42A3-9474-1A3956D46DE8}") = "Modules", "Modules", "{D614FB4E-FEB1-427F-9332-D8DB00CD4515}"
EndProject
Project("{2150E333-8FDC-42A3-9474-1A3956D46DE8}") = "ModuleA", "ModuleA", "{A88F1240-F785-4479-90C9-FC47324F47BC}"
EndProject
Project("{2150E333-8FDC-42A3-9474-1A3956D46DE8}") = "Core", "Core", "{652EF949-BF6E-4DD3-B548-BE1F9457D109}"
EndProject
Project("{2150E333-8FDC-42A3-9474-1A3956D46DE8}") = "CoreM", "CoreM", "{C4C9AFC7-0468-42BA-838B-6E1CD3AB980A}"
EndProject
Project("{2150E333-8FDC-42A3-9474-1A3956D46DE8}") = "ModuleB", "ModuleB", "{56BC9F79-1C51-48A9-9299-B4EE9FE61242}"
EndProject
Project("{2150E333-8FDC-42A3-9474-1A3956D46DE8}") = "ModuleA1", "ModuleA1", "{664ACFEE-367C-46E0-B51E-F7F5ECA2B1A6}"
EndProject
Project("{2150E333-8FDC-42A3-9474-1A3956D46DE8}") = "ModuleA2", "ModuleA2", "{98F0357D-B361-4EE7-8146-D8E577EE6C35}"
EndProject
Project("{2150E333-8FDC-42A3-9474-1A3956D46DE8}") = "ModuleB1", "ModuleB1", "{EEC63A45-AC62-433C-AB56-D63FA77DEE76}"
EndProject
Project("{2150E333-8FDC-42A3-9474-1A3956D46DE8}") = "ModuleB2", "ModuleB2", "{0011B9CF-D10D-4191-B063-03B07D86DB3A}"
EndProject
Project("{2150E333-8FDC-42A3-9474-1A3956D46DE8}") = "Microservices", "Microservices", "{FB465567-267E-4B2C-A605-A78B0B7FC6E5}"
EndProject
Project("{2150E333-8FDC-42A3-9474-1A3956D46DE8}") = "ModuleA", "ModuleA", "{533D7484-4225-4D22-A862-F65DA1057170}"
EndProject
Project("{2150E333-8FDC-42A3-9474-1A3956D46DE8}") = "ModuleB", "ModuleB", "{E6753820-088B-46CC-B671-9D7AC6AF2FB0}"
EndProject
Project("{9A19103F-16F7-4668-BE54-9A1E7A4F7556}") = "ModuleA1.Application", "ClassLibrary1\ModuleA1.Application.csproj", "{8A108F99-C7CC-4DD6-BF82-0E322C90982F}"
EndProject
Project("{9A19103F-16F7-4668-BE54-9A1E7A4F7556}") = "ModuleA1.API", "ModuleA1.API\ModuleA1.API.csproj", "{F089DDBA-9B7C-4403-A4D9-C8AB6072ACD1}"
EndProject
Project("{9A19103F-16F7-4668-BE54-9A1E7A4F7556}") = "ModuleA1.Domain", "ModuleA1.Domain\ModuleA1.Domain.csproj", "{25AE87CF-D6D2-495E-BC7F-FA7747F7AC14}"
EndProject
Project("{9A19103F-16F7-4668-BE54-9A1E7A4F7556}") = "ModuleA1.Infra", "ModuleA1.Infra\ModuleA1.Infra.csproj", "{E0D93A5C-5DD8-4D99-994A-5B714FDF30DB}"
EndProject
Project("{9A19103F-16F7-4668-BE54-9A1E7A4F7556}") = "ModuleA2.API", "ModuleA2.API\ModuleA2.API.csproj", "{0E581945-A369-40A8-BB5A-E17379D97FCD}"
EndProject
Project("{9A19103F-16F7-4668-BE54-9A1E7A4F7556}") = "ModuleA2.Application", "ModuleA2.Application\ModuleA2.Application.csproj", "{3E0DC6A7-846D-4896-AB8D-78B53B6C5C7F}"
EndProject
Project("{9A19103F-16F7-4668-BE54-9A1E7A4F7556}") = "ModuleA2.Domain", "ModuleA2.Domain\ModuleA2.Domain.csproj", "{1441B0B2-916F-4390-A09D-37C4362A1BA2}"
EndProject
Project("{9A19103F-16F7-4668-BE54-9A1E7A4F7556}") = "ModuleA2.Infra", "ModuleA2.Infra\ModuleA2.Infra.csproj", "{55E774C4-2AB8-43F8-9BAB-8C47C6C4512B}"
EndProject
Project("{9A19103F-16F7-4668-BE54-9A1E7A4F7556}") = "ModuleB1.API", "ModuleB1.API\ModuleB1.API.csproj", "{FF01A15E-46BF-4B08-95FA-EE865E504110}"
EndProject
Project("{9A19103F-16F7-4668-BE54-9A1E7A4F7556}") = "ModuleB1.Application", "ModuleB1.Application\ModuleB1.Application.csproj", "{01B1E0DB-ABFA-479E-A64E-C7B66B9F565A}"
EndProject
Project("{9A19103F-16F7-4668-BE54-9A1E7A4F7556}") = "ModuleB1.Domain", "ModuleB1.Domain\ModuleB1.Domain.csproj", "{06A946A5-6E09-4419-8BF6-9ACBEDB72F6D}"
EndProject
Project("{9A19103F-16F7-4668-BE54-9A1E7A4F7556}") = "ModuleB1.Infra", "ModuleB1.Infra\ModuleB1.Infra.csproj", "{3B1ECC0A-466D-4D68-A8AF-D1CF84071FDC}"
EndProject
Project("{9A19103F-16F7-4668-BE54-9A1E7A4F7556}") = "ModuleB2.Infra", "ModuleB2.Infra\ModuleB2.Infra.csproj", "{54918CA8-435D-46E8-94BF-748D848F20F7}"
EndProject
Project("{9A19103F-16F7-4668-BE54-9A1E7A4F7556}") = "ModuleB2.Domain", "ModuleB2.Domain\ModuleB2.Domain.csproj", "{2D76C20A-75EB-4F22-ADD0-47BBB2AE651E}"
EndProject
Project("{9A19103F-16F7-4668-BE54-9A1E7A4F7556}") = "ModuleB2.Application", "ModuleB2.Application\ModuleB2.Application.csproj", "{1C5D3812-F262-4CC1-B0A0-3CD5517C3C7C}"
EndProject
Project("{9A19103F-16F7-4668-BE54-9A1E7A4F7556}") = "ModuleB2.API", "ModuleB2.API\ModuleB2.API.csproj", "{DA0DDF79-CF67-45D2-B132-033E8522BE52}"
EndProject
Project("{9A19103F-16F7-4668-BE54-9A1E7A4F7556}") = "ModuleA", "ModuleA\ModuleA.csproj", "{5F34D3C9-8485-412C-A601-4EFAEA2B8023}"
EndProject
Project("{9A19103F-16F7-4668-BE54-9A1E7A4F7556}") = "ModuleB", "ModuleB\ModuleB.csproj", "{21B22D2D-CE5C-43EA-9AEE-2ED06C1027B0}"
EndProject
Project("{2150E333-8FDC-42A3-9474-1A3956D46DE8}") = "Monolith", "Monolith", "{8ADA5909-4E53-435F-A3A7-E71298D15B3E}"
EndProject
Project("{9A19103F-16F7-4668-BE54-9A1E7A4F7556}") = "Monolith", "Monolith\Monolith.csproj", "{3338A9FF-3F32-4CC4-AD46-C521D20C1F1B}"
EndProject
Project("{2150E333-8FDC-42A3-9474-1A3956D46DE8}") = "UserManagement", "UserManagement", "{06CD7B7B-53BB-469A-B35A-6CEFB24C46FB}"
EndProject
Project("{FAE04EC0-301F-11D3-BF4B-00C04F79EFBC}") = "UserManagement.API", "UserManagement.API\UserManagement.API.csproj", "{F6E10231-F067-4FE8-BBA5-58109D268730}"
EndProject
Global
	GlobalSection(SolutionConfigurationPlatforms) = preSolution
		Debug|Any CPU = Debug|Any CPU
		Release|Any CPU = Release|Any CPU
	EndGlobalSection
	GlobalSection(ProjectConfigurationPlatforms) = postSolution
		{7DD9B804-52CE-4104-814B-66A3A86740F7}.Debug|Any CPU.ActiveCfg = Debug|Any CPU
		{7DD9B804-52CE-4104-814B-66A3A86740F7}.Debug|Any CPU.Build.0 = Debug|Any CPU
		{7DD9B804-52CE-4104-814B-66A3A86740F7}.Release|Any CPU.ActiveCfg = Release|Any CPU
		{7DD9B804-52CE-4104-814B-66A3A86740F7}.Release|Any CPU.Build.0 = Release|Any CPU
		{8A108F99-C7CC-4DD6-BF82-0E322C90982F}.Debug|Any CPU.ActiveCfg = Debug|Any CPU
		{8A108F99-C7CC-4DD6-BF82-0E322C90982F}.Debug|Any CPU.Build.0 = Debug|Any CPU
		{8A108F99-C7CC-4DD6-BF82-0E322C90982F}.Release|Any CPU.ActiveCfg = Release|Any CPU
		{8A108F99-C7CC-4DD6-BF82-0E322C90982F}.Release|Any CPU.Build.0 = Release|Any CPU
		{F089DDBA-9B7C-4403-A4D9-C8AB6072ACD1}.Debug|Any CPU.ActiveCfg = Debug|Any CPU
		{F089DDBA-9B7C-4403-A4D9-C8AB6072ACD1}.Debug|Any CPU.Build.0 = Debug|Any CPU
		{F089DDBA-9B7C-4403-A4D9-C8AB6072ACD1}.Release|Any CPU.ActiveCfg = Release|Any CPU
		{F089DDBA-9B7C-4403-A4D9-C8AB6072ACD1}.Release|Any CPU.Build.0 = Release|Any CPU
		{25AE87CF-D6D2-495E-BC7F-FA7747F7AC14}.Debug|Any CPU.ActiveCfg = Debug|Any CPU
		{25AE87CF-D6D2-495E-BC7F-FA7747F7AC14}.Debug|Any CPU.Build.0 = Debug|Any CPU
		{25AE87CF-D6D2-495E-BC7F-FA7747F7AC14}.Release|Any CPU.ActiveCfg = Release|Any CPU
		{25AE87CF-D6D2-495E-BC7F-FA7747F7AC14}.Release|Any CPU.Build.0 = Release|Any CPU
		{E0D93A5C-5DD8-4D99-994A-5B714FDF30DB}.Debug|Any CPU.ActiveCfg = Debug|Any CPU
		{E0D93A5C-5DD8-4D99-994A-5B714FDF30DB}.Debug|Any CPU.Build.0 = Debug|Any CPU
		{E0D93A5C-5DD8-4D99-994A-5B714FDF30DB}.Release|Any CPU.ActiveCfg = Release|Any CPU
		{E0D93A5C-5DD8-4D99-994A-5B714FDF30DB}.Release|Any CPU.Build.0 = Release|Any CPU
		{0E581945-A369-40A8-BB5A-E17379D97FCD}.Debug|Any CPU.ActiveCfg = Debug|Any CPU
		{0E581945-A369-40A8-BB5A-E17379D97FCD}.Debug|Any CPU.Build.0 = Debug|Any CPU
		{0E581945-A369-40A8-BB5A-E17379D97FCD}.Release|Any CPU.ActiveCfg = Release|Any CPU
		{0E581945-A369-40A8-BB5A-E17379D97FCD}.Release|Any CPU.Build.0 = Release|Any CPU
		{3E0DC6A7-846D-4896-AB8D-78B53B6C5C7F}.Debug|Any CPU.ActiveCfg = Debug|Any CPU
		{3E0DC6A7-846D-4896-AB8D-78B53B6C5C7F}.Debug|Any CPU.Build.0 = Debug|Any CPU
		{3E0DC6A7-846D-4896-AB8D-78B53B6C5C7F}.Release|Any CPU.ActiveCfg = Release|Any CPU
		{3E0DC6A7-846D-4896-AB8D-78B53B6C5C7F}.Release|Any CPU.Build.0 = Release|Any CPU
		{1441B0B2-916F-4390-A09D-37C4362A1BA2}.Debug|Any CPU.ActiveCfg = Debug|Any CPU
		{1441B0B2-916F-4390-A09D-37C4362A1BA2}.Debug|Any CPU.Build.0 = Debug|Any CPU
		{1441B0B2-916F-4390-A09D-37C4362A1BA2}.Release|Any CPU.ActiveCfg = Release|Any CPU
		{1441B0B2-916F-4390-A09D-37C4362A1BA2}.Release|Any CPU.Build.0 = Release|Any CPU
		{55E774C4-2AB8-43F8-9BAB-8C47C6C4512B}.Debug|Any CPU.ActiveCfg = Debug|Any CPU
		{55E774C4-2AB8-43F8-9BAB-8C47C6C4512B}.Debug|Any CPU.Build.0 = Debug|Any CPU
		{55E774C4-2AB8-43F8-9BAB-8C47C6C4512B}.Release|Any CPU.ActiveCfg = Release|Any CPU
		{55E774C4-2AB8-43F8-9BAB-8C47C6C4512B}.Release|Any CPU.Build.0 = Release|Any CPU
		{FF01A15E-46BF-4B08-95FA-EE865E504110}.Debug|Any CPU.ActiveCfg = Debug|Any CPU
		{FF01A15E-46BF-4B08-95FA-EE865E504110}.Debug|Any CPU.Build.0 = Debug|Any CPU
		{FF01A15E-46BF-4B08-95FA-EE865E504110}.Release|Any CPU.ActiveCfg = Release|Any CPU
		{FF01A15E-46BF-4B08-95FA-EE865E504110}.Release|Any CPU.Build.0 = Release|Any CPU
		{01B1E0DB-ABFA-479E-A64E-C7B66B9F565A}.Debug|Any CPU.ActiveCfg = Debug|Any CPU
		{01B1E0DB-ABFA-479E-A64E-C7B66B9F565A}.Debug|Any CPU.Build.0 = Debug|Any CPU
		{01B1E0DB-ABFA-479E-A64E-C7B66B9F565A}.Release|Any CPU.ActiveCfg = Release|Any CPU
		{01B1E0DB-ABFA-479E-A64E-C7B66B9F565A}.Release|Any CPU.Build.0 = Release|Any CPU
		{06A946A5-6E09-4419-8BF6-9ACBEDB72F6D}.Debug|Any CPU.ActiveCfg = Debug|Any CPU
		{06A946A5-6E09-4419-8BF6-9ACBEDB72F6D}.Debug|Any CPU.Build.0 = Debug|Any CPU
		{06A946A5-6E09-4419-8BF6-9ACBEDB72F6D}.Release|Any CPU.ActiveCfg = Release|Any CPU
		{06A946A5-6E09-4419-8BF6-9ACBEDB72F6D}.Release|Any CPU.Build.0 = Release|Any CPU
		{3B1ECC0A-466D-4D68-A8AF-D1CF84071FDC}.Debug|Any CPU.ActiveCfg = Debug|Any CPU
		{3B1ECC0A-466D-4D68-A8AF-D1CF84071FDC}.Debug|Any CPU.Build.0 = Debug|Any CPU
		{3B1ECC0A-466D-4D68-A8AF-D1CF84071FDC}.Release|Any CPU.ActiveCfg = Release|Any CPU
		{3B1ECC0A-466D-4D68-A8AF-D1CF84071FDC}.Release|Any CPU.Build.0 = Release|Any CPU
		{54918CA8-435D-46E8-94BF-748D848F20F7}.Debug|Any CPU.ActiveCfg = Debug|Any CPU
		{54918CA8-435D-46E8-94BF-748D848F20F7}.Debug|Any CPU.Build.0 = Debug|Any CPU
		{54918CA8-435D-46E8-94BF-748D848F20F7}.Release|Any CPU.ActiveCfg = Release|Any CPU
		{54918CA8-435D-46E8-94BF-748D848F20F7}.Release|Any CPU.Build.0 = Release|Any CPU
		{2D76C20A-75EB-4F22-ADD0-47BBB2AE651E}.Debug|Any CPU.ActiveCfg = Debug|Any CPU
		{2D76C20A-75EB-4F22-ADD0-47BBB2AE651E}.Debug|Any CPU.Build.0 = Debug|Any CPU
		{2D76C20A-75EB-4F22-ADD0-47BBB2AE651E}.Release|Any CPU.ActiveCfg = Release|Any CPU
		{2D76C20A-75EB-4F22-ADD0-47BBB2AE651E}.Release|Any CPU.Build.0 = Release|Any CPU
		{1C5D3812-F262-4CC1-B0A0-3CD5517C3C7C}.Debug|Any CPU.ActiveCfg = Debug|Any CPU
		{1C5D3812-F262-4CC1-B0A0-3CD5517C3C7C}.Debug|Any CPU.Build.0 = Debug|Any CPU
		{1C5D3812-F262-4CC1-B0A0-3CD5517C3C7C}.Release|Any CPU.ActiveCfg = Release|Any CPU
		{1C5D3812-F262-4CC1-B0A0-3CD5517C3C7C}.Release|Any CPU.Build.0 = Release|Any CPU
		{DA0DDF79-CF67-45D2-B132-033E8522BE52}.Debug|Any CPU.ActiveCfg = Debug|Any CPU
		{DA0DDF79-CF67-45D2-B132-033E8522BE52}.Debug|Any CPU.Build.0 = Debug|Any CPU
		{DA0DDF79-CF67-45D2-B132-033E8522BE52}.Release|Any CPU.ActiveCfg = Release|Any CPU
		{DA0DDF79-CF67-45D2-B132-033E8522BE52}.Release|Any CPU.Build.0 = Release|Any CPU
		{5F34D3C9-8485-412C-A601-4EFAEA2B8023}.Debug|Any CPU.ActiveCfg = Debug|Any CPU
		{5F34D3C9-8485-412C-A601-4EFAEA2B8023}.Debug|Any CPU.Build.0 = Debug|Any CPU
		{5F34D3C9-8485-412C-A601-4EFAEA2B8023}.Release|Any CPU.ActiveCfg = Release|Any CPU
		{5F34D3C9-8485-412C-A601-4EFAEA2B8023}.Release|Any CPU.Build.0 = Release|Any CPU
		{21B22D2D-CE5C-43EA-9AEE-2ED06C1027B0}.Debug|Any CPU.ActiveCfg = Debug|Any CPU
		{21B22D2D-CE5C-43EA-9AEE-2ED06C1027B0}.Debug|Any CPU.Build.0 = Debug|Any CPU
		{21B22D2D-CE5C-43EA-9AEE-2ED06C1027B0}.Release|Any CPU.ActiveCfg = Release|Any CPU
		{21B22D2D-CE5C-43EA-9AEE-2ED06C1027B0}.Release|Any CPU.Build.0 = Release|Any CPU
		{3338A9FF-3F32-4CC4-AD46-C521D20C1F1B}.Debug|Any CPU.ActiveCfg = Debug|Any CPU
		{3338A9FF-3F32-4CC4-AD46-C521D20C1F1B}.Debug|Any CPU.Build.0 = Debug|Any CPU
		{3338A9FF-3F32-4CC4-AD46-C521D20C1F1B}.Release|Any CPU.ActiveCfg = Release|Any CPU
		{3338A9FF-3F32-4CC4-AD46-C521D20C1F1B}.Release|Any CPU.Build.0 = Release|Any CPU
		{F6E10231-F067-4FE8-BBA5-58109D268730}.Debug|Any CPU.ActiveCfg = Debug|Any CPU
		{F6E10231-F067-4FE8-BBA5-58109D268730}.Debug|Any CPU.Build.0 = Debug|Any CPU
		{F6E10231-F067-4FE8-BBA5-58109D268730}.Release|Any CPU.ActiveCfg = Release|Any CPU
		{F6E10231-F067-4FE8-BBA5-58109D268730}.Release|Any CPU.Build.0 = Release|Any CPU
	EndGlobalSection
	GlobalSection(SolutionProperties) = preSolution
		HideSolutionNode = FALSE
	EndGlobalSection
	GlobalSection(NestedProjects) = preSolution
		{D614FB4E-FEB1-427F-9332-D8DB00CD4515} = {8D8A0012-9F50-454A-A5B3-632081358541}
		{A88F1240-F785-4479-90C9-FC47324F47BC} = {D614FB4E-FEB1-427F-9332-D8DB00CD4515}
		{652EF949-BF6E-4DD3-B548-BE1F9457D109} = {D614FB4E-FEB1-427F-9332-D8DB00CD4515}
		{C4C9AFC7-0468-42BA-838B-6E1CD3AB980A} = {652EF949-BF6E-4DD3-B548-BE1F9457D109}
		{56BC9F79-1C51-48A9-9299-B4EE9FE61242} = {D614FB4E-FEB1-427F-9332-D8DB00CD4515}
		{664ACFEE-367C-46E0-B51E-F7F5ECA2B1A6} = {A88F1240-F785-4479-90C9-FC47324F47BC}
		{98F0357D-B361-4EE7-8146-D8E577EE6C35} = {A88F1240-F785-4479-90C9-FC47324F47BC}
		{EEC63A45-AC62-433C-AB56-D63FA77DEE76} = {56BC9F79-1C51-48A9-9299-B4EE9FE61242}
		{0011B9CF-D10D-4191-B063-03B07D86DB3A} = {56BC9F79-1C51-48A9-9299-B4EE9FE61242}
		{FB465567-267E-4B2C-A605-A78B0B7FC6E5} = {8D8A0012-9F50-454A-A5B3-632081358541}
		{533D7484-4225-4D22-A862-F65DA1057170} = {FB465567-267E-4B2C-A605-A78B0B7FC6E5}
		{E6753820-088B-46CC-B671-9D7AC6AF2FB0} = {FB465567-267E-4B2C-A605-A78B0B7FC6E5}
		{8A108F99-C7CC-4DD6-BF82-0E322C90982F} = {664ACFEE-367C-46E0-B51E-F7F5ECA2B1A6}
		{F089DDBA-9B7C-4403-A4D9-C8AB6072ACD1} = {664ACFEE-367C-46E0-B51E-F7F5ECA2B1A6}
		{25AE87CF-D6D2-495E-BC7F-FA7747F7AC14} = {664ACFEE-367C-46E0-B51E-F7F5ECA2B1A6}
		{E0D93A5C-5DD8-4D99-994A-5B714FDF30DB} = {664ACFEE-367C-46E0-B51E-F7F5ECA2B1A6}
		{0E581945-A369-40A8-BB5A-E17379D97FCD} = {98F0357D-B361-4EE7-8146-D8E577EE6C35}
		{3E0DC6A7-846D-4896-AB8D-78B53B6C5C7F} = {98F0357D-B361-4EE7-8146-D8E577EE6C35}
		{1441B0B2-916F-4390-A09D-37C4362A1BA2} = {98F0357D-B361-4EE7-8146-D8E577EE6C35}
		{55E774C4-2AB8-43F8-9BAB-8C47C6C4512B} = {98F0357D-B361-4EE7-8146-D8E577EE6C35}
		{FF01A15E-46BF-4B08-95FA-EE865E504110} = {EEC63A45-AC62-433C-AB56-D63FA77DEE76}
		{01B1E0DB-ABFA-479E-A64E-C7B66B9F565A} = {EEC63A45-AC62-433C-AB56-D63FA77DEE76}
		{06A946A5-6E09-4419-8BF6-9ACBEDB72F6D} = {EEC63A45-AC62-433C-AB56-D63FA77DEE76}
		{3B1ECC0A-466D-4D68-A8AF-D1CF84071FDC} = {EEC63A45-AC62-433C-AB56-D63FA77DEE76}
		{54918CA8-435D-46E8-94BF-748D848F20F7} = {0011B9CF-D10D-4191-B063-03B07D86DB3A}
		{2D76C20A-75EB-4F22-ADD0-47BBB2AE651E} = {0011B9CF-D10D-4191-B063-03B07D86DB3A}
		{1C5D3812-F262-4CC1-B0A0-3CD5517C3C7C} = {0011B9CF-D10D-4191-B063-03B07D86DB3A}
		{DA0DDF79-CF67-45D2-B132-033E8522BE52} = {0011B9CF-D10D-4191-B063-03B07D86DB3A}
		{5F34D3C9-8485-412C-A601-4EFAEA2B8023} = {533D7484-4225-4D22-A862-F65DA1057170}
		{21B22D2D-CE5C-43EA-9AEE-2ED06C1027B0} = {E6753820-088B-46CC-B671-9D7AC6AF2FB0}
		{8ADA5909-4E53-435F-A3A7-E71298D15B3E} = {8D8A0012-9F50-454A-A5B3-632081358541}
		{3338A9FF-3F32-4CC4-AD46-C521D20C1F1B} = {8ADA5909-4E53-435F-A3A7-E71298D15B3E}
		{06CD7B7B-53BB-469A-B35A-6CEFB24C46FB} = {FB465567-267E-4B2C-A605-A78B0B7FC6E5}
		{F6E10231-F067-4FE8-BBA5-58109D268730} = {06CD7B7B-53BB-469A-B35A-6CEFB24C46FB}
	EndGlobalSection
	GlobalSection(ExtensibilityGlobals) = postSolution
		SolutionGuid = {13E4F4DF-FD54-4E86-B633-45137CA884A9}
	EndGlobalSection
EndGlobal
